
Microsoft Visual Studio Solution File, Format Version 12.00
# Visual Studio Version 17
VisualStudioVersion = 17.0.31903.59
MinimumVisualStudioVersion = 10.0.40219.1
Project("{FAE04EC0-301F-11D3-BF4B-00C04F79EFBC}") = "FodyOnChangedMethodIssue", "src\FodyOnChangedMethodIssue\FodyOnChangedMethodIssue.csproj", "{4BEE457F-3605-4D9C-9404-3DC7A27E72FD}"
EndProject
Global
	GlobalSection(SolutionConfigurationPlatforms) = preSolution
		Debug|Any CPU = Debug|Any CPU
		Release|Any CPU = Release|Any CPU
	EndGlobalSection
	GlobalSection(SolutionProperties) = preSolution
		HideSolutionNode = FALSE
	EndGlobalSection
	GlobalSection(ProjectConfigurationPlatforms) = postSolution
		{4BEE457F-3605-4D9C-9404-3DC7A27E72FD}.Debug|Any CPU.ActiveCfg = Debug|Any CPU
		{4BEE457F-3605-4D9C-9404-3DC7A27E72FD}.Debug|Any CPU.Build.0 = Debug|Any CPU
		{4BEE457F-3605-4D9C-9404-3DC7A27E72FD}.Release|Any CPU.ActiveCfg = Release|Any CPU
		{4BEE457F-3605-4D9C-9404-3DC7A27E72FD}.Release|Any CPU.Build.0 = Release|Any CPU
	EndGlobalSection
EndGlobal
